// !$*UTF8*$!
{
	archiveVersion = 1;
	classes = {
	};
	objectVersion = 46;
	objects = {

/* Begin PBXBuildFile section */
		C29164C92276EEE200F2185F /* AppDelegate.swift in Sources */ = {isa = PBXBuildFile; fileRef = C29164C82276EEE200F2185F /* AppDelegate.swift */; };
		C29164CB2276EEE200F2185F /* ViewController.swift in Sources */ = {isa = PBXBuildFile; fileRef = C29164CA2276EEE200F2185F /* ViewController.swift */; };
		C29164CE2276EEE200F2185F /* Main.storyboard in Resources */ = {isa = PBXBuildFile; fileRef = C29164CC2276EEE200F2185F /* Main.storyboard */; };
		C29164D02276EEE200F2185F /* Assets.xcassets in Resources */ = {isa = PBXBuildFile; fileRef = C29164CF2276EEE200F2185F /* Assets.xcassets */; };
		C29164D32276EEE200F2185F /* LaunchScreen.storyboard in Resources */ = {isa = PBXBuildFile; fileRef = C29164D12276EEE200F2185F /* LaunchScreen.storyboard */; };
/* End PBXBuildFile section */

/* Begin PBXFileReference section */
		C29164C52276EEE200F2185F /* MyLayout.app */ = {isa = PBXFileReference; explicitFileType = wrapper.application; includeInIndex = 0; path = MyLayout.app; sourceTree = BUILT_PRODUCTS_DIR; };
		C29164C82276EEE200F2185F /* AppDelegate.swift */ = {isa = PBXFileReference; lastKnownFileType = sourcecode.swift; path = AppDelegate.swift; sourceTree = "<group>"; };
		C29164CA2276EEE200F2185F /* ViewController.swift */ = {isa = PBXFileReference; lastKnownFileType = sourcecode.swift; path = ViewController.swift; sourceTree = "<group>"; };
		C29164CD2276EEE200F2185F /* Base */ = {isa = PBXFileReference; lastKnownFileType = file.storyboard; name = Base; path = Base.lproj/Main.storyboard; sourceTree = "<group>"; };
		C29164CF2276EEE200F2185F /* Assets.xcassets */ = {isa = PBXFileReference; lastKnownFileType = folder.assetcatalog; path = Assets.xcassets; sourceTree = "<group>"; };
		C29164D22276EEE200F2185F /* Base */ = {isa = PBXFileReference; lastKnownFileType = file.storyboard; name = Base; path = Base.lproj/LaunchScreen.storyboard; sourceTree = "<group>"; };
		C29164D42276EEE200F2185F /* Info.plist */ = {isa = PBXFileReference; lastKnownFileType = text.plist.xml; path = Info.plist; sourceTree = "<group>"; };
/* End PBXFileReference section */

/* Begin PBXFrameworksBuildPhase section */
		C29164C22276EEE200F2185F /* Frameworks */ = {
			isa = PBXFrameworksBuildPhase;
			buildActionMask = 2147483647;
			files = (
			);
			runOnlyForDeploymentPostprocessing = 0;
		};
/* End PBXFrameworksBuildPhase section */

/* Begin PBXGroup section */
		C29164BC2276EEE200F2185F = {
			isa = PBXGroup;
			children = (
				C29164C72276EEE200F2185F /* MyLayout */,
				C29164C62276EEE200F2185F /* Products */,
			);
			sourceTree = "<group>";
		};
		C29164C62276EEE200F2185F /* Products */ = {
			isa = PBXGroup;
			children = (
				C29164C52276EEE200F2185F /* MyLayout.app */,
			);
			name = Products;
			sourceTree = "<group>";
		};
		C29164C72276EEE200F2185F /* MyLayout */ = {
			isa = PBXGroup;
			children = (
				C29164C82276EEE200F2185F /* AppDelegate.swift */,
				C29164CA2276EEE200F2185F /* ViewController.swift */,
				C29164CC2276EEE200F2185F /* Main.storyboard */,
				C29164CF2276EEE200F2185F /* Assets.xcassets */,
				C29164D12276EEE200F2185F /* LaunchScreen.storyboard */,
				C29164D42276EEE200F2185F /* Info.plist */,
			);
			path = MyLayout;
			sourceTree = "<group>";
		};
/* End PBXGroup section */

/* Begin PBXNativeTarget section */
		C29164C42276EEE200F2185F /* MyLayout */ = {
			isa = PBXNativeTarget;
			buildConfigurationList = C29164D72276EEE200F2185F /* Build configuration list for PBXNativeTarget "MyLayout" */;
			buildPhases = (
				C29164C12276EEE200F2185F /* Sources */,
				C29164C22276EEE200F2185F /* Frameworks */,
				C29164C32276EEE200F2185F /* Resources */,
			);
			buildRules = (
			);
			dependencies = (
			);
			name = MyLayout;
			productName = MyLayout;
			productReference = C29164C52276EEE200F2185F /* MyLayout.app */;
			productType = "com.apple.product-type.application";
		};
/* End PBXNativeTarget section */

/* Begin PBXProject section */
		C29164BD2276EEE200F2185F /* Project object */ = {
			isa = PBXProject;
			attributes = {
				LastSwiftUpdateCheck = 0820;
				LastUpgradeCheck = 0820;
				ORGANIZATIONNAME = NA;
				TargetAttributes = {
					C29164C42276EEE200F2185F = {
						CreatedOnToolsVersion = 8.2.1;
						ProvisioningStyle = Automatic;
					};
				};
			};
			buildConfigurationList = C29164C02276EEE200F2185F /* Build configuration list for PBXProject "MyLayout" */;
			compatibilityVersion = "Xcode 3.2";
			developmentRegion = English;
			hasScannedForEncodings = 0;
			knownRegions = (
				en,
				Base,
			);
			mainGroup = C29164BC2276EEE200F2185F;
			productRefGroup = C29164C62276EEE200F2185F /* Products */;
			projectDirPath = "";
			projectRoot = "";
			targets = (
				C29164C42276EEE200F2185F /* MyLayout */,
			);
		};
/* End PBXProject section */

/* Begin PBXResourcesBuildPhase section */
		C29164C32276EEE200F2185F /* Resources */ = {
			isa = PBXResourcesBuildPhase;
			buildActionMask = 2147483647;
			files = (
				C29164D32276EEE200F2185F /* LaunchScreen.storyboard in Resources */,
				C29164D02276EEE200F2185F /* Assets.xcassets in Resources */,
				C29164CE2276EEE200F2185F /* Main.storyboard in Resources */,
			);
			runOnlyForDeploymentPostprocessing = 0;
		};
/* End PBXResourcesBuildPhase section */

/* Begin PBXSourcesBuildPhase section */
		C29164C12276EEE200F2185F /* Sources */ = {
			isa = PBXSourcesBuildPhase;
			buildActionMask = 2147483647;
			files = (
				C29164CB2276EEE200F2185F /* ViewController.swift in Sources */,
				C29164C92276EEE200F2185F /* AppDelegate.swift in Sources */,
			);
			runOnlyForDeploymentPostprocessing = 0;
		};
/* End PBXSourcesBuildPhase section */

/* Begin PBXVariantGroup section */
		C29164CC2276EEE200F2185F /* Main.storyboard */ = {
			isa = PBXVariantGroup;
			children = (
				C29164CD2276EEE200F2185F /* Base */,
			);
			name = Main.storyboard;
			sourceTree = "<group>";
		};
		C29164D12276EEE200F2185F /* LaunchScreen.storyboard */ = {
			isa = PBXVariantGroup;
			children = (
				C29164D22276EEE200F2185F /* Base */,
			);
			name = LaunchScreen.storyboard;
			sourceTree = "<group>";
		};
/* End PBXVariantGroup section */

/* Begin XCBuildConfiguration section */
		C29164D52276EEE200F2185F /* Debug */ = {
			isa = XCBuildConfiguration;
			buildSettings = {
				ALWAYS_SEARCH_USER_PATHS = NO;
				CLANG_ANALYZER_NONNULL = YES;
				CLANG_CXX_LANGUAGE_STANDARD = "gnu++0x";
				CLANG_CXX_LIBRARY = "libc++";
				CLANG_ENABLE_MODULES = YES;
				CLANG_ENABLE_OBJC_ARC = YES;
				CLANG_WARN_BOOL_CONVERSION = YES;
				CLANG_WARN_CONSTANT_CONVERSION = YES;
				CLANG_WARN_DIRECT_OBJC_ISA_USAGE = YES_ERROR;
				CLANG_WARN_DOCUMENTATION_COMMENTS = YES;
				CLANG_WARN_EMPTY_BODY = YES;
				CLANG_WARN_ENUM_CONVERSION = YES;
				CLANG_WARN_INFINITE_RECURSION = YES;
				CLANG_WARN_INT_CONVERSION = YES;
				CLANG_WARN_OBJC_ROOT_CLASS = YES_ERROR;
				CLANG_WARN_SUSPICIOUS_MOVE = YES;
				CLANG_WARN_UNREACHABLE_CODE = YES;
				CLANG_WARN__DUPLICATE_METHOD_MATCH = YES;
				"CODE_SIGN_IDENTITY[sdk=iphoneos*]" = "iPhone Developer";
				COPY_PHASE_STRIP = NO;
				DEBUG_INFORMATION_FORMAT = dwarf;
				ENABLE_STRICT_OBJC_MSGSEND = YES;
				ENABLE_TESTABILITY = YES;
				GCC_C_LANGUAGE_STANDARD = gnu99;
				GCC_DYNAMIC_NO_PIC = NO;
				GCC_NO_COMMON_BLOCKS = YES;
				GCC_OPTIMIZATION_LEVEL = 0;
				GCC_PREPROCESSOR_DEFINITIONS = (
					"DEBUG=1",
					"$(inherited)",
				);
				GCC_WARN_64_TO_32_BIT_CONVERSION = YES;
				GCC_WARN_ABOUT_RETURN_TYPE = YES_ERROR;
				GCC_WARN_UNDECLARED_SELECTOR = YES;
				GCC_WARN_UNINITIALIZED_AUTOS = YES_AGGRESSIVE;
				GCC_WARN_UNUSED_FUNCTION = YES;
				GCC_WARN_UNUSED_VARIABLE = YES;
				IPHONEOS_DEPLOYMENT_TARGET = 10.2;
				MTL_ENABLE_DEBUG_INFO = YES;
				ONLY_ACTIVE_ARCH = YES;
				SDKROOT = iphoneos;
				SWIFT_ACTIVE_COMPILATION_CONDITIONS = DEBUG;
				SWIFT_OPTIMIZATION_LEVEL = "-Onone";
			};
			name = Debug;
		};
		C29164D62276EEE200F2185F /* Release */ = {
			isa = XCBuildConfiguration;
			buildSettings = {
				ALWAYS_SEARCH_USER_PATHS = NO;
				CLANG_ANALYZER_NONNULL = YES;
				CLANG_CXX_LANGUAGE_STANDARD = "gnu++0x";
				CLANG_CXX_LIBRARY = "libc++";
				CLANG_ENABLE_MODULES = YES;
				CLANG_ENABLE_OBJC_ARC = YES;
				CLANG_WARN_BOOL_CONVERSION = YES;
				CLANG_WARN_CONSTANT_CONVERSION = YES;
				CLANG_WARN_DIRECT_OBJC_ISA_USAGE = YES_ERROR;
				CLANG_WARN_DOCUMENTATION_COMMENTS = YES;
				CLANG_WARN_EMPTY_BODY = YES;
				CLANG_WARN_ENUM_CONVERSION = YES;
				CLANG_WARN_INFINITE_RECURSION = YES;
				CLANG_WARN_INT_CONVERSION = YES;
				CLANG_WARN_OBJC_ROOT_CLASS = YES_ERROR;
				CLANG_WARN_SUSPICIOUS_MOVE = YES;
				CLANG_WARN_UNREACHABLE_CODE = YES;
				CLANG_WARN__DUPLICATE_METHOD_MATCH = YES;
				"CODE_SIGN_IDENTITY[sdk=iphoneos*]" = "iPhone Developer";
				COPY_PHASE_STRIP = NO;
				DEBUG_INFORMATION_FORMAT = "dwarf-with-dsym";
				ENABLE_NS_ASSERTIONS = NO;
				ENABLE_STRICT_OBJC_MSGSEND = YES;
				GCC_C_LANGUAGE_STANDARD = gnu99;
				GCC_NO_COMMON_BLOCKS = YES;
				GCC_WARN_64_TO_32_BIT_CONVERSION = YES;
				GCC_WARN_ABOUT_RETURN_TYPE = YES_ERROR;
				GCC_WARN_UNDECLARED_SELECTOR = YES;
				GCC_WARN_UNINITIALIZED_AUTOS = YES_AGGRESSIVE;
				GCC_WARN_UNUSED_FUNCTION = YES;
				GCC_WARN_UNUSED_VARIABLE = YES;
				IPHONEOS_DEPLOYMENT_TARGET = 10.2;
				MTL_ENABLE_DEBUG_INFO = NO;
				SDKROOT = iphoneos;
				SWIFT_OPTIMIZATION_LEVEL = "-Owholemodule";
				VALIDATE_PRODUCT = YES;
			};
			name = Release;
		};
		C29164D82276EEE200F2185F /* Debug */ = {
			isa = XCBuildConfiguration;
			buildSettings = {
				ASSETCATALOG_COMPILER_APPICON_NAME = AppIcon;
				INFOPLIST_FILE = MyLayout/Info.plist;
				LD_RUNPATH_SEARCH_PATHS = "$(inherited) @executable_path/Frameworks";
				PRODUCT_BUNDLE_IDENTIFIER = NA.MyLayout;
				PRODUCT_NAME = "$(TARGET_NAME)";
				SWIFT_VERSION = 3.0;
			};
			name = Debug;
		};
		C29164D92276EEE200F2185F /* Release */ = {
			isa = XCBuildConfiguration;
			buildSettings = {
				ASSETCATALOG_COMPILER_APPICON_NAME = AppIcon;
				INFOPLIST_FILE = MyLayout/Info.plist;
				LD_RUNPATH_SEARCH_PATHS = "$(inherited) @executable_path/Frameworks";
				PRODUCT_BUNDLE_IDENTIFIER = NA.MyLayout;
				PRODUCT_NAME = "$(TARGET_NAME)";
				SWIFT_VERSION = 3.0;
			};
			name = Release;
		};
/* End XCBuildConfiguration section */

/* Begin XCConfigurationList section */
		C29164C02276EEE200F2185F /* Build configuration list for PBXProject "MyLayout" */ = {
			isa = XCConfigurationList;
			buildConfigurations = (
				C29164D52276EEE200F2185F /* Debug */,
				C29164D62276EEE200F2185F /* Release */,
			);
			defaultConfigurationIsVisible = 0;
			defaultConfigurationName = Release;
		};
		C29164D72276EEE200F2185F /* Build configuration list for PBXNativeTarget "MyLayout" */ = {
			isa = XCConfigurationList;
			buildConfigurations = (
				C29164D82276EEE200F2185F /* Debug */,
				C29164D92276EEE200F2185F /* Release */,
			);
			defaultConfigurationIsVisible = 0;
		};
/* End XCConfigurationList section */
	};
	rootObject = C29164BD2276EEE200F2185F /* Project object */;
}
